
Microsoft Visual Studio Solution File, Format Version 12.00
# Visual Studio Version 17
VisualStudioVersion = 17.4.33213.308
MinimumVisualStudioVersion = 10.0.40219.1
Project("{9A19103F-16F7-4668-BE54-9A1E7A4F7556}") = "Events", "Events\Events.csproj", "{DE019A30-B559-4E18-88E1-6D3CD5189827}"
EndProject
Project("{9A19103F-16F7-4668-BE54-9A1E7A4F7556}") = "Delegates", "Delegates\Delegates.csproj", "{723E69FC-D66A-4A61-A25F-1F2B95E50085}"
EndProject
Project("{9A19103F-16F7-4668-BE54-9A1E7A4F7556}") = "ValueRef", "ValueRef\ValueRef.csproj", "{A5347871-179B-4A79-B36C-E61B1EA9513F}"
EndProject
Project("{9A19103F-16F7-4668-BE54-9A1E7A4F7556}") = "Properties", "Property\Properties.csproj", "{D724593E-11A0-4807-A614-F239F61D1299}"
EndProject
Global
	GlobalSection(SolutionConfigurationPlatforms) = preSolution
		Debug|Any CPU = Debug|Any CPU
		Release|Any CPU = Release|Any CPU
	EndGlobalSection
	GlobalSection(ProjectConfigurationPlatforms) = postSolution
		{DE019A30-B559-4E18-88E1-6D3CD5189827}.Debug|Any CPU.ActiveCfg = Debug|Any CPU
		{DE019A30-B559-4E18-88E1-6D3CD5189827}.Debug|Any CPU.Build.0 = Debug|Any CPU
		{DE019A30-B559-4E18-88E1-6D3CD5189827}.Release|Any CPU.ActiveCfg = Release|Any CPU
		{DE019A30-B559-4E18-88E1-6D3CD5189827}.Release|Any CPU.Build.0 = Release|Any CPU
		{723E69FC-D66A-4A61-A25F-1F2B95E50085}.Debug|Any CPU.ActiveCfg = Debug|Any CPU
		{723E69FC-D66A-4A61-A25F-1F2B95E50085}.Debug|Any CPU.Build.0 = Debug|Any CPU
		{723E69FC-D66A-4A61-A25F-1F2B95E50085}.Release|Any CPU.ActiveCfg = Release|Any CPU
		{723E69FC-D66A-4A61-A25F-1F2B95E50085}.Release|Any CPU.Build.0 = Release|Any CPU
		{A5347871-179B-4A79-B36C-E61B1EA9513F}.Debug|Any CPU.ActiveCfg = Debug|Any CPU
		{A5347871-179B-4A79-B36C-E61B1EA9513F}.Debug|Any CPU.Build.0 = Debug|Any CPU
		{A5347871-179B-4A79-B36C-E61B1EA9513F}.Release|Any CPU.ActiveCfg = Release|Any CPU
		{A5347871-179B-4A79-B36C-E61B1EA9513F}.Release|Any CPU.Build.0 = Release|Any CPU
		{D724593E-11A0-4807-A614-F239F61D1299}.Debug|Any CPU.ActiveCfg = Debug|Any CPU
		{D724593E-11A0-4807-A614-F239F61D1299}.Debug|Any CPU.Build.0 = Debug|Any CPU
		{D724593E-11A0-4807-A614-F239F61D1299}.Release|Any CPU.ActiveCfg = Release|Any CPU
		{D724593E-11A0-4807-A614-F239F61D1299}.Release|Any CPU.Build.0 = Release|Any CPU
	EndGlobalSection
	GlobalSection(SolutionProperties) = preSolution
		HideSolutionNode = FALSE
	EndGlobalSection
	GlobalSection(ExtensibilityGlobals) = postSolution
		SolutionGuid = {9F7DFA3A-7CF9-478D-945B-CDA4A00159B8}
	EndGlobalSection
EndGlobal
